
Microsoft Visual Studio Solution File, Format Version 12.00
# Visual Studio Version 17
VisualStudioVersion = 17.13.35919.96
MinimumVisualStudioVersion = 10.0.40219.1
Project("{00D1A9C2-B5F0-4AF3-8072-F6C62B433612}") = "Database", "Database\Database.sqlproj", "{3096E97E-C8B2-436F-871A-74E5EFE21AFB}"
EndProject
Project("{FAE04EC0-301F-11D3-BF4B-00C04F79EFBC}") = "Gremory", "Gremory\Gremory.csproj", "{A440084F-E20F-EE52-AB88-2A0F0DD68856}"
EndProject
Project("{FAE04EC0-301F-11D3-BF4B-00C04F79EFBC}") = "Salomao", "Salomao\Salomao.csproj", "{F3CA7AB3-D90A-CB04-7738-153E06C6CF5C}"
EndProject
Global
	GlobalSection(SolutionConfigurationPlatforms) = preSolution
		Debug|Any CPU = Debug|Any CPU
		Release|Any CPU = Release|Any CPU
	EndGlobalSection
	GlobalSection(ProjectConfigurationPlatforms) = postSolution
		{3096E97E-C8B2-436F-871A-74E5EFE21AFB}.Debug|Any CPU.ActiveCfg = Debug|Any CPU
		{3096E97E-C8B2-436F-871A-74E5EFE21AFB}.Debug|Any CPU.Build.0 = Debug|Any CPU
		{3096E97E-C8B2-436F-871A-74E5EFE21AFB}.Debug|Any CPU.Deploy.0 = Debug|Any CPU
		{3096E97E-C8B2-436F-871A-74E5EFE21AFB}.Release|Any CPU.ActiveCfg = Release|Any CPU
		{3096E97E-C8B2-436F-871A-74E5EFE21AFB}.Release|Any CPU.Build.0 = Release|Any CPU
		{3096E97E-C8B2-436F-871A-74E5EFE21AFB}.Release|Any CPU.Deploy.0 = Release|Any CPU
		{A440084F-E20F-EE52-AB88-2A0F0DD68856}.Debug|Any CPU.ActiveCfg = Debug|Any CPU
		{A440084F-E20F-EE52-AB88-2A0F0DD68856}.Debug|Any CPU.Build.0 = Debug|Any CPU
		{A440084F-E20F-EE52-AB88-2A0F0DD68856}.Release|Any CPU.ActiveCfg = Release|Any CPU
		{A440084F-E20F-EE52-AB88-2A0F0DD68856}.Release|Any CPU.Build.0 = Release|Any CPU
		{F3CA7AB3-D90A-CB04-7738-153E06C6CF5C}.Debug|Any CPU.ActiveCfg = Debug|Any CPU
		{F3CA7AB3-D90A-CB04-7738-153E06C6CF5C}.Debug|Any CPU.Build.0 = Debug|Any CPU
		{F3CA7AB3-D90A-CB04-7738-153E06C6CF5C}.Release|Any CPU.ActiveCfg = Release|Any CPU
		{F3CA7AB3-D90A-CB04-7738-153E06C6CF5C}.Release|Any CPU.Build.0 = Release|Any CPU
	EndGlobalSection
	GlobalSection(SolutionProperties) = preSolution
		HideSolutionNode = FALSE
	EndGlobalSection
	GlobalSection(ExtensibilityGlobals) = postSolution
		SolutionGuid = {D02B6CF1-BAFC-4ADE-9871-ABF53EFC77CD}
	EndGlobalSection
EndGlobal
